
Microsoft Visual Studio Solution File, Format Version 12.00
# Visual Studio Version 16
VisualStudioVersion = 16.0.31402.337
MinimumVisualStudioVersion = 10.0.40219.1
Project("{FAE04EC0-301F-11D3-BF4B-00C04F79EFBC}") = "VideojsSample", "VideojsSample.csproj", "{60B2754B-898C-4B59-A5DF-1011FB352E0E}"
EndProject
Global
	GlobalSection(SolutionConfigurationPlatforms) = preSolution
		Debug|Any CPU = Debug|Any CPU
		Release|Any CPU = Release|Any CPU
	EndGlobalSection
	GlobalSection(ProjectConfigurationPlatforms) = postSolution
		{60B2754B-898C-4B59-A5DF-1011FB352E0E}.Debug|Any CPU.ActiveCfg = Debug|Any CPU
		{60B2754B-898C-4B59-A5DF-1011FB352E0E}.Debug|Any CPU.Build.0 = Debug|Any CPU
		{60B2754B-898C-4B59-A5DF-1011FB352E0E}.Release|Any CPU.ActiveCfg = Release|Any CPU
		{60B2754B-898C-4B59-A5DF-1011FB352E0E}.Release|Any CPU.Build.0 = Release|Any CPU
	EndGlobalSection
	GlobalSection(SolutionProperties) = preSolution
		HideSolutionNode = FALSE
	EndGlobalSection
	GlobalSection(ExtensibilityGlobals) = postSolution
		SolutionGuid = {5621C7F7-76BF-4BFB-A2DA-23F32B07E1B3}
	EndGlobalSection
EndGlobal
